// !$*UTF8*$!
{
	archiveVersion = 1;
	classes = {
	};
	objectVersion = 56;
	objects = {

/* Begin PBXBuildFile section */
		36C71140CE4E607184B5C4E1 /* Pods_m20.framework in Frameworks */ = {isa = PBXBuildFile; fileRef = D300B3523DAC96B9073C259F /* Pods_m20.framework */; };
		A046D96E29C9D90E0093C73D /* AppDelegate.swift in Sources */ = {isa = PBXBuildFile; fileRef = A046D96D29C9D90E0093C73D /* AppDelegate.swift */; };
		A046D97029C9D90E0093C73D /* SceneDelegate.swift in Sources */ = {isa = PBXBuildFile; fileRef = A046D96F29C9D90E0093C73D /* SceneDelegate.swift */; };
		A046D97229C9D90E0093C73D /* MainViewController.swift in Sources */ = {isa = PBXBuildFile; fileRef = A046D97129C9D90E0093C73D /* MainViewController.swift */; };
		A046D97529C9D90E0093C73D /* Main.storyboard in Resources */ = {isa = PBXBuildFile; fileRef = A046D97329C9D90E0093C73D /* Main.storyboard */; };
		A046D97729C9D90F0093C73D /* Assets.xcassets in Resources */ = {isa = PBXBuildFile; fileRef = A046D97629C9D90F0093C73D /* Assets.xcassets */; };
		A046D97A29C9D90F0093C73D /* LaunchScreen.storyboard in Resources */ = {isa = PBXBuildFile; fileRef = A046D97829C9D90F0093C73D /* LaunchScreen.storyboard */; };
		A046D98429C9DFB80093C73D /* EditingViewController.swift in Sources */ = {isa = PBXBuildFile; fileRef = A046D98329C9DFB80093C73D /* EditingViewController.swift */; };
		A046D98829C9E6E00093C73D /* TableViewCell.swift in Sources */ = {isa = PBXBuildFile; fileRef = A046D98729C9E6E00093C73D /* TableViewCell.swift */; };
		A046D98A29C9F9BF0093C73D /* Protocol.swift in Sources */ = {isa = PBXBuildFile; fileRef = A046D98929C9F9BF0093C73D /* Protocol.swift */; };
		A097A0AA29D5F28D0026BE4B /* Executor.swift in Sources */ = {isa = PBXBuildFile; fileRef = A097A0A929D5F28D0026BE4B /* Executor.swift */; };
		A097A0C729D5F5AD0026BE4B /* Model.xcdatamodeld in Sources */ = {isa = PBXBuildFile; fileRef = A097A0C529D5F5AD0026BE4B /* Model.xcdatamodeld */; };
		A0AF746529DB07E700F80E0C /* Human+CoreDataClass.swift in Sources */ = {isa = PBXBuildFile; fileRef = A0AF746329DB07E700F80E0C /* Human+CoreDataClass.swift */; };
		A0AF746629DB07E700F80E0C /* Human+CoreDataProperties.swift in Sources */ = {isa = PBXBuildFile; fileRef = A0AF746429DB07E700F80E0C /* Human+CoreDataProperties.swift */; };
/* End PBXBuildFile section */

/* Begin PBXFileReference section */
		17F7FF8AC868DAB75D9307C2 /* Pods-m20.debug.xcconfig */ = {isa = PBXFileReference; includeInIndex = 1; lastKnownFileType = text.xcconfig; name = "Pods-m20.debug.xcconfig"; path = "Target Support Files/Pods-m20/Pods-m20.debug.xcconfig"; sourceTree = "<group>"; };
		A046D96A29C9D90E0093C73D /* m20.app */ = {isa = PBXFileReference; explicitFileType = wrapper.application; includeInIndex = 0; path = m20.app; sourceTree = BUILT_PRODUCTS_DIR; };
		A046D96D29C9D90E0093C73D /* AppDelegate.swift */ = {isa = PBXFileReference; lastKnownFileType = sourcecode.swift; path = AppDelegate.swift; sourceTree = "<group>"; };
		A046D96F29C9D90E0093C73D /* SceneDelegate.swift */ = {isa = PBXFileReference; lastKnownFileType = sourcecode.swift; path = SceneDelegate.swift; sourceTree = "<group>"; };
		A046D97129C9D90E0093C73D /* MainViewController.swift */ = {isa = PBXFileReference; lastKnownFileType = sourcecode.swift; path = MainViewController.swift; sourceTree = "<group>"; };
		A046D97429C9D90E0093C73D /* Base */ = {isa = PBXFileReference; lastKnownFileType = file.storyboard; name = Base; path = Base.lproj/Main.storyboard; sourceTree = "<group>"; };
		A046D97629C9D90F0093C73D /* Assets.xcassets */ = {isa = PBXFileReference; lastKnownFileType = folder.assetcatalog; path = Assets.xcassets; sourceTree = "<group>"; };
		A046D97929C9D90F0093C73D /* Base */ = {isa = PBXFileReference; lastKnownFileType = file.storyboard; name = Base; path = Base.lproj/LaunchScreen.storyboard; sourceTree = "<group>"; };
		A046D97B29C9D90F0093C73D /* Info.plist */ = {isa = PBXFileReference; lastKnownFileType = text.plist.xml; path = Info.plist; sourceTree = "<group>"; };
		A046D98329C9DFB80093C73D /* EditingViewController.swift */ = {isa = PBXFileReference; lastKnownFileType = sourcecode.swift; path = EditingViewController.swift; sourceTree = "<group>"; };
		A046D98729C9E6E00093C73D /* TableViewCell.swift */ = {isa = PBXFileReference; lastKnownFileType = sourcecode.swift; path = TableViewCell.swift; sourceTree = "<group>"; };
		A046D98929C9F9BF0093C73D /* Protocol.swift */ = {isa = PBXFileReference; lastKnownFileType = sourcecode.swift; path = Protocol.swift; sourceTree = "<group>"; };
		A097A0A929D5F28D0026BE4B /* Executor.swift */ = {isa = PBXFileReference; fileEncoding = 4; lastKnownFileType = sourcecode.swift; path = Executor.swift; sourceTree = "<group>"; };
		A097A0C629D5F5AD0026BE4B /* Model.xcdatamodel */ = {isa = PBXFileReference; lastKnownFileType = wrapper.xcdatamodel; path = Model.xcdatamodel; sourceTree = "<group>"; };
		A0AF746329DB07E700F80E0C /* Human+CoreDataClass.swift */ = {isa = PBXFileReference; lastKnownFileType = sourcecode.swift; path = "Human+CoreDataClass.swift"; sourceTree = SOURCE_ROOT; };
		A0AF746429DB07E700F80E0C /* Human+CoreDataProperties.swift */ = {isa = PBXFileReference; lastKnownFileType = sourcecode.swift; path = "Human+CoreDataProperties.swift"; sourceTree = SOURCE_ROOT; };
		D300B3523DAC96B9073C259F /* Pods_m20.framework */ = {isa = PBXFileReference; explicitFileType = wrapper.framework; includeInIndex = 0; path = Pods_m20.framework; sourceTree = BUILT_PRODUCTS_DIR; };
		D981290CBD99C59260B1E3BD /* Pods-m20.release.xcconfig */ = {isa = PBXFileReference; includeInIndex = 1; lastKnownFileType = text.xcconfig; name = "Pods-m20.release.xcconfig"; path = "Target Support Files/Pods-m20/Pods-m20.release.xcconfig"; sourceTree = "<group>"; };
/* End PBXFileReference section */

/* Begin PBXFrameworksBuildPhase section */
		A046D96729C9D90E0093C73D /* Frameworks */ = {
			isa = PBXFrameworksBuildPhase;
			buildActionMask = 2147483647;
			files = (
				36C71140CE4E607184B5C4E1 /* Pods_m20.framework in Frameworks */,
			);
			runOnlyForDeploymentPostprocessing = 0;
		};
/* End PBXFrameworksBuildPhase section */

/* Begin PBXGroup section */
		322C8498398A9A6054FF2571 /* Pods */ = {
			isa = PBXGroup;
			children = (
				17F7FF8AC868DAB75D9307C2 /* Pods-m20.debug.xcconfig */,
				D981290CBD99C59260B1E3BD /* Pods-m20.release.xcconfig */,
			);
			path = Pods;
			sourceTree = "<group>";
		};
		492BEF11B3B093F43DF07F0B /* Frameworks */ = {
			isa = PBXGroup;
			children = (
				D300B3523DAC96B9073C259F /* Pods_m20.framework */,
			);
			name = Frameworks;
			sourceTree = "<group>";
		};
		A046D96129C9D90E0093C73D = {
			isa = PBXGroup;
			children = (
				A046D96C29C9D90E0093C73D /* m20 */,
				A046D96B29C9D90E0093C73D /* Products */,
				322C8498398A9A6054FF2571 /* Pods */,
				492BEF11B3B093F43DF07F0B /* Frameworks */,
			);
			sourceTree = "<group>";
		};
		A046D96B29C9D90E0093C73D /* Products */ = {
			isa = PBXGroup;
			children = (
				A046D96A29C9D90E0093C73D /* m20.app */,
			);
			name = Products;
			sourceTree = "<group>";
		};
		A046D96C29C9D90E0093C73D /* m20 */ = {
			isa = PBXGroup;
			children = (
				A0AF746329DB07E700F80E0C /* Human+CoreDataClass.swift */,
				A0AF746429DB07E700F80E0C /* Human+CoreDataProperties.swift */,
				A046D96D29C9D90E0093C73D /* AppDelegate.swift */,
				A046D96F29C9D90E0093C73D /* SceneDelegate.swift */,
				A046D98729C9E6E00093C73D /* TableViewCell.swift */,
				A046D97129C9D90E0093C73D /* MainViewController.swift */,
				A046D98929C9F9BF0093C73D /* Protocol.swift */,
				A046D98329C9DFB80093C73D /* EditingViewController.swift */,
				A097A0A929D5F28D0026BE4B /* Executor.swift */,
				A046D97329C9D90E0093C73D /* Main.storyboard */,
				A046D97629C9D90F0093C73D /* Assets.xcassets */,
				A046D97829C9D90F0093C73D /* LaunchScreen.storyboard */,
				A046D97B29C9D90F0093C73D /* Info.plist */,
				A097A0C529D5F5AD0026BE4B /* Model.xcdatamodeld */,
			);
			path = m20;
			sourceTree = "<group>";
		};
/* End PBXGroup section */

/* Begin PBXNativeTarget section */
		A046D96929C9D90E0093C73D /* m20 */ = {
			isa = PBXNativeTarget;
			buildConfigurationList = A046D97E29C9D90F0093C73D /* Build configuration list for PBXNativeTarget "m20" */;
			buildPhases = (
				DAB14C805CB268378E21285B /* [CP] Check Pods Manifest.lock */,
				A046D96629C9D90E0093C73D /* Sources */,
				A046D96729C9D90E0093C73D /* Frameworks */,
				A046D96829C9D90E0093C73D /* Resources */,
				A724466A4164BA30435D7B8F /* [CP] Embed Pods Frameworks */,
			);
			buildRules = (
			);
			dependencies = (
			);
			name = m20;
			productName = m20;
			productReference = A046D96A29C9D90E0093C73D /* m20.app */;
			productType = "com.apple.product-type.application";
		};
/* End PBXNativeTarget section */

/* Begin PBXProject section */
		A046D96229C9D90E0093C73D /* Project object */ = {
			isa = PBXProject;
			attributes = {
				BuildIndependentTargetsInParallel = 1;
				LastSwiftUpdateCheck = 1400;
				LastUpgradeCheck = 1400;
				TargetAttributes = {
					A046D96929C9D90E0093C73D = {
						CreatedOnToolsVersion = 14.0.1;
					};
				};
			};
			buildConfigurationList = A046D96529C9D90E0093C73D /* Build configuration list for PBXProject "m20" */;
			compatibilityVersion = "Xcode 14.0";
			developmentRegion = en;
			hasScannedForEncodings = 0;
			knownRegions = (
				en,
				Base,
			);
			mainGroup = A046D96129C9D90E0093C73D;
			productRefGroup = A046D96B29C9D90E0093C73D /* Products */;
			projectDirPath = "";
			projectRoot = "";
			targets = (
				A046D96929C9D90E0093C73D /* m20 */,
			);
		};
/* End PBXProject section */

/* Begin PBXResourcesBuildPhase section */
		A046D96829C9D90E0093C73D /* Resources */ = {
			isa = PBXResourcesBuildPhase;
			buildActionMask = 2147483647;
			files = (
				A046D97A29C9D90F0093C73D /* LaunchScreen.storyboard in Resources */,
				A046D97729C9D90F0093C73D /* Assets.xcassets in Resources */,
				A046D97529C9D90E0093C73D /* Main.storyboard in Resources */,
			);
			runOnlyForDeploymentPostprocessing = 0;
		};
/* End PBXResourcesBuildPhase section */

/* Begin PBXShellScriptBuildPhase section */
		A724466A4164BA30435D7B8F /* [CP] Embed Pods Frameworks */ = {
			isa = PBXShellScriptBuildPhase;
			buildActionMask = 2147483647;
			files = (
			);
			inputFileListPaths = (
				"${PODS_ROOT}/Target Support Files/Pods-m20/Pods-m20-frameworks-${CONFIGURATION}-input-files.xcfilelist",
			);
			name = "[CP] Embed Pods Frameworks";
			outputFileListPaths = (
				"${PODS_ROOT}/Target Support Files/Pods-m20/Pods-m20-frameworks-${CONFIGURATION}-output-files.xcfilelist",
			);
			runOnlyForDeploymentPostprocessing = 0;
			shellPath = /bin/sh;
			shellScript = "\"${PODS_ROOT}/Target Support Files/Pods-m20/Pods-m20-frameworks.sh\"\n";
			showEnvVarsInLog = 0;
		};
		DAB14C805CB268378E21285B /* [CP] Check Pods Manifest.lock */ = {
			isa = PBXShellScriptBuildPhase;
			buildActionMask = 2147483647;
			files = (
			);
			inputFileListPaths = (
			);
			inputPaths = (
				"${PODS_PODFILE_DIR_PATH}/Podfile.lock",
				"${PODS_ROOT}/Manifest.lock",
			);
			name = "[CP] Check Pods Manifest.lock";
			outputFileListPaths = (
			);
			outputPaths = (
				"$(DERIVED_FILE_DIR)/Pods-m20-checkManifestLockResult.txt",
			);
			runOnlyForDeploymentPostprocessing = 0;
			shellPath = /bin/sh;
			shellScript = "diff \"${PODS_PODFILE_DIR_PATH}/Podfile.lock\" \"${PODS_ROOT}/Manifest.lock\" > /dev/null\nif [ $? != 0 ] ; then\n    # print error to STDERR\n    echo \"error: The sandbox is not in sync with the Podfile.lock. Run 'pod install' or update your CocoaPods installation.\" >&2\n    exit 1\nfi\n# This output is used by Xcode 'outputs' to avoid re-running this script phase.\necho \"SUCCESS\" > \"${SCRIPT_OUTPUT_FILE_0}\"\n";
			showEnvVarsInLog = 0;
		};
/* End PBXShellScriptBuildPhase section */

/* Begin PBXSourcesBuildPhase section */
		A046D96629C9D90E0093C73D /* Sources */ = {
			isa = PBXSourcesBuildPhase;
			buildActionMask = 2147483647;
			files = (
				A097A0AA29D5F28D0026BE4B /* Executor.swift in Sources */,
				A046D97229C9D90E0093C73D /* MainViewController.swift in Sources */,
				A046D96E29C9D90E0093C73D /* AppDelegate.swift in Sources */,
				A097A0C729D5F5AD0026BE4B /* Model.xcdatamodeld in Sources */,
				A046D98A29C9F9BF0093C73D /* Protocol.swift in Sources */,
				A046D98829C9E6E00093C73D /* TableViewCell.swift in Sources */,
				A0AF746529DB07E700F80E0C /* Human+CoreDataClass.swift in Sources */,
				A046D98429C9DFB80093C73D /* EditingViewController.swift in Sources */,
				A046D97029C9D90E0093C73D /* SceneDelegate.swift in Sources */,
				A0AF746629DB07E700F80E0C /* Human+CoreDataProperties.swift in Sources */,
			);
			runOnlyForDeploymentPostprocessing = 0;
		};
/* End PBXSourcesBuildPhase section */

/* Begin PBXVariantGroup section */
		A046D97329C9D90E0093C73D /* Main.storyboard */ = {
			isa = PBXVariantGroup;
			children = (
				A046D97429C9D90E0093C73D /* Base */,
			);
			name = Main.storyboard;
			sourceTree = "<group>";
		};
		A046D97829C9D90F0093C73D /* LaunchScreen.storyboard */ = {
			isa = PBXVariantGroup;
			children = (
				A046D97929C9D90F0093C73D /* Base */,
			);
			name = LaunchScreen.storyboard;
			sourceTree = "<group>";
		};
/* End PBXVariantGroup section */

/* Begin XCBuildConfiguration section */
		A046D97C29C9D90F0093C73D /* Debug */ = {
			isa = XCBuildConfiguration;
			buildSettings = {
				ALWAYS_SEARCH_USER_PATHS = NO;
				CLANG_ANALYZER_NONNULL = YES;
				CLANG_ANALYZER_NUMBER_OBJECT_CONVERSION = YES_AGGRESSIVE;
				CLANG_CXX_LANGUAGE_STANDARD = "gnu++20";
				CLANG_ENABLE_MODULES = YES;
				CLANG_ENABLE_OBJC_ARC = YES;
				CLANG_ENABLE_OBJC_WEAK = YES;
				CLANG_WARN_BLOCK_CAPTURE_AUTORELEASING = YES;
				CLANG_WARN_BOOL_CONVERSION = YES;
				CLANG_WARN_COMMA = YES;
				CLANG_WARN_CONSTANT_CONVERSION = YES;
				CLANG_WARN_DEPRECATED_OBJC_IMPLEMENTATIONS = YES;
				CLANG_WARN_DIRECT_OBJC_ISA_USAGE = YES_ERROR;
				CLANG_WARN_DOCUMENTATION_COMMENTS = YES;
				CLANG_WARN_EMPTY_BODY = YES;
				CLANG_WARN_ENUM_CONVERSION = YES;
				CLANG_WARN_INFINITE_RECURSION = YES;
				CLANG_WARN_INT_CONVERSION = YES;
				CLANG_WARN_NON_LITERAL_NULL_CONVERSION = YES;
				CLANG_WARN_OBJC_IMPLICIT_RETAIN_SELF = YES;
				CLANG_WARN_OBJC_LITERAL_CONVERSION = YES;
				CLANG_WARN_OBJC_ROOT_CLASS = YES_ERROR;
				CLANG_WARN_QUOTED_INCLUDE_IN_FRAMEWORK_HEADER = YES;
				CLANG_WARN_RANGE_LOOP_ANALYSIS = YES;
				CLANG_WARN_STRICT_PROTOTYPES = YES;
				CLANG_WARN_SUSPICIOUS_MOVE = YES;
				CLANG_WARN_UNGUARDED_AVAILABILITY = YES_AGGRESSIVE;
				CLANG_WARN_UNREACHABLE_CODE = YES;
				CLANG_WARN__DUPLICATE_METHOD_MATCH = YES;
				COPY_PHASE_STRIP = NO;
				DEBUG_INFORMATION_FORMAT = dwarf;
				ENABLE_STRICT_OBJC_MSGSEND = YES;
				ENABLE_TESTABILITY = YES;
				GCC_C_LANGUAGE_STANDARD = gnu11;
				GCC_DYNAMIC_NO_PIC = NO;
				GCC_NO_COMMON_BLOCKS = YES;
				GCC_OPTIMIZATION_LEVEL = 0;
				GCC_PREPROCESSOR_DEFINITIONS = (
					"DEBUG=1",
					"$(inherited)",
				);
				GCC_WARN_64_TO_32_BIT_CONVERSION = YES;
				GCC_WARN_ABOUT_RETURN_TYPE = YES_ERROR;
				GCC_WARN_UNDECLARED_SELECTOR = YES;
				GCC_WARN_UNINITIALIZED_AUTOS = YES_AGGRESSIVE;
				GCC_WARN_UNUSED_FUNCTION = YES;
				GCC_WARN_UNUSED_VARIABLE = YES;
				IPHONEOS_DEPLOYMENT_TARGET = 16.0;
				MTL_ENABLE_DEBUG_INFO = INCLUDE_SOURCE;
				MTL_FAST_MATH = YES;
				ONLY_ACTIVE_ARCH = YES;
				SDKROOT = iphoneos;
				SWIFT_ACTIVE_COMPILATION_CONDITIONS = DEBUG;
				SWIFT_OPTIMIZATION_LEVEL = "-Onone";
			};
			name = Debug;
		};
		A046D97D29C9D90F0093C73D /* Release */ = {
			isa = XCBuildConfiguration;
			buildSettings = {
				ALWAYS_SEARCH_USER_PATHS = NO;
				CLANG_ANALYZER_NONNULL = YES;
				CLANG_ANALYZER_NUMBER_OBJECT_CONVERSION = YES_AGGRESSIVE;
				CLANG_CXX_LANGUAGE_STANDARD = "gnu++20";
				CLANG_ENABLE_MODULES = YES;
				CLANG_ENABLE_OBJC_ARC = YES;
				CLANG_ENABLE_OBJC_WEAK = YES;
				CLANG_WARN_BLOCK_CAPTURE_AUTORELEASING = YES;
				CLANG_WARN_BOOL_CONVERSION = YES;
				CLANG_WARN_COMMA = YES;
				CLANG_WARN_CONSTANT_CONVERSION = YES;
				CLANG_WARN_DEPRECATED_OBJC_IMPLEMENTATIONS = YES;
				CLANG_WARN_DIRECT_OBJC_ISA_USAGE = YES_ERROR;
				CLANG_WARN_DOCUMENTATION_COMMENTS = YES;
				CLANG_WARN_EMPTY_BODY = YES;
				CLANG_WARN_ENUM_CONVERSION = YES;
				CLANG_WARN_INFINITE_RECURSION = YES;
				CLANG_WARN_INT_CONVERSION = YES;
				CLANG_WARN_NON_LITERAL_NULL_CONVERSION = YES;
				CLANG_WARN_OBJC_IMPLICIT_RETAIN_SELF = YES;
				CLANG_WARN_OBJC_LITERAL_CONVERSION = YES;
				CLANG_WARN_OBJC_ROOT_CLASS = YES_ERROR;
				CLANG_WARN_QUOTED_INCLUDE_IN_FRAMEWORK_HEADER = YES;
				CLANG_WARN_RANGE_LOOP_ANALYSIS = YES;
				CLANG_WARN_STRICT_PROTOTYPES = YES;
				CLANG_WARN_SUSPICIOUS_MOVE = YES;
				CLANG_WARN_UNGUARDED_AVAILABILITY = YES_AGGRESSIVE;
				CLANG_WARN_UNREACHABLE_CODE = YES;
				CLANG_WARN__DUPLICATE_METHOD_MATCH = YES;
				COPY_PHASE_STRIP = NO;
				DEBUG_INFORMATION_FORMAT = "dwarf-with-dsym";
				ENABLE_NS_ASSERTIONS = NO;
				ENABLE_STRICT_OBJC_MSGSEND = YES;
				GCC_C_LANGUAGE_STANDARD = gnu11;
				GCC_NO_COMMON_BLOCKS = YES;
				GCC_WARN_64_TO_32_BIT_CONVERSION = YES;
				GCC_WARN_ABOUT_RETURN_TYPE = YES_ERROR;
				GCC_WARN_UNDECLARED_SELECTOR = YES;
				GCC_WARN_UNINITIALIZED_AUTOS = YES_AGGRESSIVE;
				GCC_WARN_UNUSED_FUNCTION = YES;
				GCC_WARN_UNUSED_VARIABLE = YES;
				IPHONEOS_DEPLOYMENT_TARGET = 16.0;
				MTL_ENABLE_DEBUG_INFO = NO;
				MTL_FAST_MATH = YES;
				SDKROOT = iphoneos;
				SWIFT_COMPILATION_MODE = wholemodule;
				SWIFT_OPTIMIZATION_LEVEL = "-O";
				VALIDATE_PRODUCT = YES;
			};
			name = Release;
		};
		A046D97F29C9D90F0093C73D /* Debug */ = {
			isa = XCBuildConfiguration;
			baseConfigurationReference = 17F7FF8AC868DAB75D9307C2 /* Pods-m20.debug.xcconfig */;
			buildSettings = {
				ASSETCATALOG_COMPILER_APPICON_NAME = AppIcon;
				ASSETCATALOG_COMPILER_GLOBAL_ACCENT_COLOR_NAME = AccentColor;
				CODE_SIGN_STYLE = Automatic;
				CURRENT_PROJECT_VERSION = 1;
				GENERATE_INFOPLIST_FILE = YES;
				INFOPLIST_FILE = m20/Info.plist;
				INFOPLIST_KEY_UIApplicationSupportsIndirectInputEvents = YES;
				INFOPLIST_KEY_UILaunchStoryboardName = LaunchScreen;
				INFOPLIST_KEY_UIMainStoryboardFile = Main;
				INFOPLIST_KEY_UISupportedInterfaceOrientations_iPad = "UIInterfaceOrientationPortrait UIInterfaceOrientationPortraitUpsideDown UIInterfaceOrientationLandscapeLeft UIInterfaceOrientationLandscapeRight";
				INFOPLIST_KEY_UISupportedInterfaceOrientations_iPhone = "UIInterfaceOrientationPortrait UIInterfaceOrientationLandscapeLeft UIInterfaceOrientationLandscapeRight";
				LD_RUNPATH_SEARCH_PATHS = (
					"$(inherited)",
					"@executable_path/Frameworks",
				);
				MARKETING_VERSION = 1.0;
				PRODUCT_BUNDLE_IDENTIFIER = "-23.m20";
				PRODUCT_NAME = "$(TARGET_NAME)";
				SWIFT_EMIT_LOC_STRINGS = YES;
				SWIFT_VERSION = 5.0;
				TARGETED_DEVICE_FAMILY = "1,2";
			};
			name = Debug;
		};
		A046D98029C9D90F0093C73D /* Release */ = {
			isa = XCBuildConfiguration;
			baseConfigurationReference = D981290CBD99C59260B1E3BD /* Pods-m20.release.xcconfig */;
			buildSettings = {
				ASSETCATALOG_COMPILER_APPICON_NAME = AppIcon;
				ASSETCATALOG_COMPILER_GLOBAL_ACCENT_COLOR_NAME = AccentColor;
				CODE_SIGN_STYLE = Automatic;
				CURRENT_PROJECT_VERSION = 1;
				GENERATE_INFOPLIST_FILE = YES;
				INFOPLIST_FILE = m20/Info.plist;
				INFOPLIST_KEY_UIApplicationSupportsIndirectInputEvents = YES;
				INFOPLIST_KEY_UILaunchStoryboardName = LaunchScreen;
				INFOPLIST_KEY_UIMainStoryboardFile = Main;
				INFOPLIST_KEY_UISupportedInterfaceOrientations_iPad = "UIInterfaceOrientationPortrait UIInterfaceOrientationPortraitUpsideDown UIInterfaceOrientationLandscapeLeft UIInterfaceOrientationLandscapeRight";
				INFOPLIST_KEY_UISupportedInterfaceOrientations_iPhone = "UIInterfaceOrientationPortrait UIInterfaceOrientationLandscapeLeft UIInterfaceOrientationLandscapeRight";
				LD_RUNPATH_SEARCH_PATHS = (
					"$(inherited)",
					"@executable_path/Frameworks",
				);
				MARKETING_VERSION = 1.0;
				PRODUCT_BUNDLE_IDENTIFIER = "-23.m20";
				PRODUCT_NAME = "$(TARGET_NAME)";
				SWIFT_EMIT_LOC_STRINGS = YES;
				SWIFT_VERSION = 5.0;
				TARGETED_DEVICE_FAMILY = "1,2";
			};
			name = Release;
		};
/* End XCBuildConfiguration section */

/* Begin XCConfigurationList section */
		A046D96529C9D90E0093C73D /* Build configuration list for PBXProject "m20" */ = {
			isa = XCConfigurationList;
			buildConfigurations = (
				A046D97C29C9D90F0093C73D /* Debug */,
				A046D97D29C9D90F0093C73D /* Release */,
			);
			defaultConfigurationIsVisible = 0;
			defaultConfigurationName = Release;
		};
		A046D97E29C9D90F0093C73D /* Build configuration list for PBXNativeTarget "m20" */ = {
			isa = XCConfigurationList;
			buildConfigurations = (
				A046D97F29C9D90F0093C73D /* Debug */,
				A046D98029C9D90F0093C73D /* Release */,
			);
			defaultConfigurationIsVisible = 0;
			defaultConfigurationName = Release;
		};
/* End XCConfigurationList section */

/* Begin XCVersionGroup section */
		A097A0C529D5F5AD0026BE4B /* Model.xcdatamodeld */ = {
			isa = XCVersionGroup;
			children = (
				A097A0C629D5F5AD0026BE4B /* Model.xcdatamodel */,
			);
			currentVersion = A097A0C629D5F5AD0026BE4B /* Model.xcdatamodel */;
			path = Model.xcdatamodeld;
			sourceTree = "<group>";
			versionGroupType = wrapper.xcdatamodel;
		};
/* End XCVersionGroup section */
	};
	rootObject = A046D96229C9D90E0093C73D /* Project object */;
}
